
Microsoft Visual Studio Solution File, Format Version 12.00
# Visual Studio Version 17
VisualStudioVersion = 17.0.31903.59
MinimumVisualStudioVersion = 10.0.40219.1
Project("{FAE04EC0-301F-11D3-BF4B-00C04F79EFBC}") = "Podcast", "Podcast\Podcast.csproj", "{BEAFBF64-3A72-4D55-A46D-B11EE0DA3E14}"
EndProject
Project("{FAE04EC0-301F-11D3-BF4B-00C04F79EFBC}") = "ScreenSound", "ScreenSound\ScreenSound.csproj", "{46F6DED7-4348-4D63-904E-7A05987111B4}"
EndProject
Project("{FAE04EC0-301F-11D3-BF4B-00C04F79EFBC}") = "PetShop", "PetShop\PetShop.csproj", "{0FA7A431-A961-4087-BAB5-5EC4E0CFE6C2}"
EndProject
Global
	GlobalSection(SolutionConfigurationPlatforms) = preSolution
		Debug|Any CPU = Debug|Any CPU
		Release|Any CPU = Release|Any CPU
	EndGlobalSection
	GlobalSection(SolutionProperties) = preSolution
		HideSolutionNode = FALSE
	EndGlobalSection
	GlobalSection(ProjectConfigurationPlatforms) = postSolution
		{BEAFBF64-3A72-4D55-A46D-B11EE0DA3E14}.Debug|Any CPU.ActiveCfg = Debug|Any CPU
		{BEAFBF64-3A72-4D55-A46D-B11EE0DA3E14}.Debug|Any CPU.Build.0 = Debug|Any CPU
		{BEAFBF64-3A72-4D55-A46D-B11EE0DA3E14}.Release|Any CPU.ActiveCfg = Release|Any CPU
		{BEAFBF64-3A72-4D55-A46D-B11EE0DA3E14}.Release|Any CPU.Build.0 = Release|Any CPU
		{46F6DED7-4348-4D63-904E-7A05987111B4}.Debug|Any CPU.ActiveCfg = Debug|Any CPU
		{46F6DED7-4348-4D63-904E-7A05987111B4}.Debug|Any CPU.Build.0 = Debug|Any CPU
		{46F6DED7-4348-4D63-904E-7A05987111B4}.Release|Any CPU.ActiveCfg = Release|Any CPU
		{46F6DED7-4348-4D63-904E-7A05987111B4}.Release|Any CPU.Build.0 = Release|Any CPU
		{0FA7A431-A961-4087-BAB5-5EC4E0CFE6C2}.Debug|Any CPU.ActiveCfg = Debug|Any CPU
		{0FA7A431-A961-4087-BAB5-5EC4E0CFE6C2}.Debug|Any CPU.Build.0 = Debug|Any CPU
		{0FA7A431-A961-4087-BAB5-5EC4E0CFE6C2}.Release|Any CPU.ActiveCfg = Release|Any CPU
		{0FA7A431-A961-4087-BAB5-5EC4E0CFE6C2}.Release|Any CPU.Build.0 = Release|Any CPU
	EndGlobalSection
EndGlobal
